
Microsoft Visual Studio Solution File, Format Version 12.00
# Visual Studio 14
VisualStudioVersion = 14.0.24720.0
MinimumVisualStudioVersion = 10.0.40219.1
Project("{FAE04EC0-301F-11D3-BF4B-00C04F79EFBC}") = "Vex472.Erebus.Core.Tests", "Vex472.Erebus.Core.Tests\Vex472.Erebus.Core.Tests.csproj", "{61BA5CE2-A2D3-4579-943D-3C4C6ECA7679}"
EndProject
Project("{FAE04EC0-301F-11D3-BF4B-00C04F79EFBC}") = "Vex472.Erebus.Server", "Vex472.Erebus.Server\Vex472.Erebus.Server.csproj", "{166652F7-D9A5-42F8-A90A-A2959F2F8E07}"
EndProject
Project("{FAE04EC0-301F-11D3-BF4B-00C04F79EFBC}") = "Vex472.Erebus.Windows", "Vex472.Erebus.Windows\Vex472.Erebus.Windows.csproj", "{AC746D21-8C1C-4F05-ACF7-F37758542928}"
EndProject
Project("{FAE04EC0-301F-11D3-BF4B-00C04F79EFBC}") = "Vex472.Erebus.Core", "Vex472.Erebus.Core\Vex472.Erebus.Core.csproj", "{FE3F6E31-BBD5-41F1-8188-E8951ED130C4}"
EndProject
Project("{FAE04EC0-301F-11D3-BF4B-00C04F79EFBC}") = "Vex472.Erebus.Client.Windows", "Vex472.Erebus.Client.Windows\Vex472.Erebus.Client.Windows.csproj", "{F6120BD5-A130-4662-91F0-9CA62931E875}"
EndProject
Project("{FAE04EC0-301F-11D3-BF4B-00C04F79EFBC}") = "Vex472.Erebus.Windows.Bluetooth", "Vex472.Erebus.Windows.Bluetooth\Vex472.Erebus.Windows.Bluetooth.csproj", "{C9910F0E-1D9B-4631-95DB-BCA44CFEBC04}"
EndProject
Project("{FAE04EC0-301F-11D3-BF4B-00C04F79EFBC}") = "Vex472.Erebus.Client.Windows.Setup", "Vex472.Erebus.Client.Windows.Setup\Vex472.Erebus.Client.Windows.Setup.csproj", "{D3450A91-E83A-4222-AA13-D9956FF4B807}"
EndProject
Project("{FAE04EC0-301F-11D3-BF4B-00C04F79EFBC}") = "Vex472.Erebus.Client.Android", "Vex472.Erebus.Client.Android\Vex472.Erebus.Client.Android.csproj", "{9A8F918F-3C5D-4551-BC8F-137C55009BD8}"
EndProject
Project("{FAE04EC0-301F-11D3-BF4B-00C04F79EFBC}") = "Vex472.Erebus.Android", "Vex472.Erebus.Android\Vex472.Erebus.Android.csproj", "{CDF7DC60-0B81-44A0-B7BA-8FED3CF2DA9F}"
EndProject
Global
	GlobalSection(SolutionConfigurationPlatforms) = preSolution
		Debug|Any CPU = Debug|Any CPU
		Debug|ARM = Debug|ARM
		Debug|x64 = Debug|x64
		Debug|x86 = Debug|x86
		Release|Any CPU = Release|Any CPU
		Release|ARM = Release|ARM
		Release|x64 = Release|x64
		Release|x86 = Release|x86
	EndGlobalSection
	GlobalSection(ProjectConfigurationPlatforms) = postSolution
		{61BA5CE2-A2D3-4579-943D-3C4C6ECA7679}.Debug|Any CPU.ActiveCfg = Debug|Any CPU
		{61BA5CE2-A2D3-4579-943D-3C4C6ECA7679}.Debug|Any CPU.Build.0 = Debug|Any CPU
		{61BA5CE2-A2D3-4579-943D-3C4C6ECA7679}.Debug|ARM.ActiveCfg = Debug|Any CPU
		{61BA5CE2-A2D3-4579-943D-3C4C6ECA7679}.Debug|ARM.Build.0 = Debug|Any CPU
		{61BA5CE2-A2D3-4579-943D-3C4C6ECA7679}.Debug|x64.ActiveCfg = Debug|Any CPU
		{61BA5CE2-A2D3-4579-943D-3C4C6ECA7679}.Debug|x64.Build.0 = Debug|Any CPU
		{61BA5CE2-A2D3-4579-943D-3C4C6ECA7679}.Debug|x86.ActiveCfg = Debug|Any CPU
		{61BA5CE2-A2D3-4579-943D-3C4C6ECA7679}.Debug|x86.Build.0 = Debug|Any CPU
		{61BA5CE2-A2D3-4579-943D-3C4C6ECA7679}.Release|Any CPU.ActiveCfg = Release|Any CPU
		{61BA5CE2-A2D3-4579-943D-3C4C6ECA7679}.Release|Any CPU.Build.0 = Release|Any CPU
		{61BA5CE2-A2D3-4579-943D-3C4C6ECA7679}.Release|ARM.ActiveCfg = Release|Any CPU
		{61BA5CE2-A2D3-4579-943D-3C4C6ECA7679}.Release|ARM.Build.0 = Release|Any CPU
		{61BA5CE2-A2D3-4579-943D-3C4C6ECA7679}.Release|x64.ActiveCfg = Release|Any CPU
		{61BA5CE2-A2D3-4579-943D-3C4C6ECA7679}.Release|x64.Build.0 = Release|Any CPU
		{61BA5CE2-A2D3-4579-943D-3C4C6ECA7679}.Release|x86.ActiveCfg = Release|Any CPU
		{61BA5CE2-A2D3-4579-943D-3C4C6ECA7679}.Release|x86.Build.0 = Release|Any CPU
		{166652F7-D9A5-42F8-A90A-A2959F2F8E07}.Debug|Any CPU.ActiveCfg = Debug|Any CPU
		{166652F7-D9A5-42F8-A90A-A2959F2F8E07}.Debug|Any CPU.Build.0 = Debug|Any CPU
		{166652F7-D9A5-42F8-A90A-A2959F2F8E07}.Debug|ARM.ActiveCfg = Debug|Any CPU
		{166652F7-D9A5-42F8-A90A-A2959F2F8E07}.Debug|ARM.Build.0 = Debug|Any CPU
		{166652F7-D9A5-42F8-A90A-A2959F2F8E07}.Debug|x64.ActiveCfg = Debug|Any CPU
		{166652F7-D9A5-42F8-A90A-A2959F2F8E07}.Debug|x64.Build.0 = Debug|Any CPU
		{166652F7-D9A5-42F8-A90A-A2959F2F8E07}.Debug|x86.ActiveCfg = Debug|Any CPU
		{166652F7-D9A5-42F8-A90A-A2959F2F8E07}.Debug|x86.Build.0 = Debug|Any CPU
		{166652F7-D9A5-42F8-A90A-A2959F2F8E07}.Release|Any CPU.ActiveCfg = Release|Any CPU
		{166652F7-D9A5-42F8-A90A-A2959F2F8E07}.Release|Any CPU.Build.0 = Release|Any CPU
		{166652F7-D9A5-42F8-A90A-A2959F2F8E07}.Release|ARM.ActiveCfg = Release|Any CPU
		{166652F7-D9A5-42F8-A90A-A2959F2F8E07}.Release|ARM.Build.0 = Release|Any CPU
		{166652F7-D9A5-42F8-A90A-A2959F2F8E07}.Release|x64.ActiveCfg = Release|Any CPU
		{166652F7-D9A5-42F8-A90A-A2959F2F8E07}.Release|x64.Build.0 = Release|Any CPU
		{166652F7-D9A5-42F8-A90A-A2959F2F8E07}.Release|x86.ActiveCfg = Release|Any CPU
		{166652F7-D9A5-42F8-A90A-A2959F2F8E07}.Release|x86.Build.0 = Release|Any CPU
		{AC746D21-8C1C-4F05-ACF7-F37758542928}.Debug|Any CPU.ActiveCfg = Debug|Any CPU
		{AC746D21-8C1C-4F05-ACF7-F37758542928}.Debug|Any CPU.Build.0 = Debug|Any CPU
		{AC746D21-8C1C-4F05-ACF7-F37758542928}.Debug|ARM.ActiveCfg = Debug|Any CPU
		{AC746D21-8C1C-4F05-ACF7-F37758542928}.Debug|ARM.Build.0 = Debug|Any CPU
		{AC746D21-8C1C-4F05-ACF7-F37758542928}.Debug|x64.ActiveCfg = Debug|Any CPU
		{AC746D21-8C1C-4F05-ACF7-F37758542928}.Debug|x64.Build.0 = Debug|Any CPU
		{AC746D21-8C1C-4F05-ACF7-F37758542928}.Debug|x86.ActiveCfg = Debug|Any CPU
		{AC746D21-8C1C-4F05-ACF7-F37758542928}.Debug|x86.Build.0 = Debug|Any CPU
		{AC746D21-8C1C-4F05-ACF7-F37758542928}.Release|Any CPU.ActiveCfg = Release|Any CPU
		{AC746D21-8C1C-4F05-ACF7-F37758542928}.Release|Any CPU.Build.0 = Release|Any CPU
		{AC746D21-8C1C-4F05-ACF7-F37758542928}.Release|ARM.ActiveCfg = Release|Any CPU
		{AC746D21-8C1C-4F05-ACF7-F37758542928}.Release|ARM.Build.0 = Release|Any CPU
		{AC746D21-8C1C-4F05-ACF7-F37758542928}.Release|x64.ActiveCfg = Release|Any CPU
		{AC746D21-8C1C-4F05-ACF7-F37758542928}.Release|x64.Build.0 = Release|Any CPU
		{AC746D21-8C1C-4F05-ACF7-F37758542928}.Release|x86.ActiveCfg = Release|Any CPU
		{AC746D21-8C1C-4F05-ACF7-F37758542928}.Release|x86.Build.0 = Release|Any CPU
		{FE3F6E31-BBD5-41F1-8188-E8951ED130C4}.Debug|Any CPU.ActiveCfg = Debug|Any CPU
		{FE3F6E31-BBD5-41F1-8188-E8951ED130C4}.Debug|Any CPU.Build.0 = Debug|Any CPU
		{FE3F6E31-BBD5-41F1-8188-E8951ED130C4}.Debug|ARM.ActiveCfg = Debug|Any CPU
		{FE3F6E31-BBD5-41F1-8188-E8951ED130C4}.Debug|ARM.Build.0 = Debug|Any CPU
		{FE3F6E31-BBD5-41F1-8188-E8951ED130C4}.Debug|x64.ActiveCfg = Debug|Any CPU
		{FE3F6E31-BBD5-41F1-8188-E8951ED130C4}.Debug|x64.Build.0 = Debug|Any CPU
		{FE3F6E31-BBD5-41F1-8188-E8951ED130C4}.Debug|x86.ActiveCfg = Debug|Any CPU
		{FE3F6E31-BBD5-41F1-8188-E8951ED130C4}.Debug|x86.Build.0 = Debug|Any CPU
		{FE3F6E31-BBD5-41F1-8188-E8951ED130C4}.Release|Any CPU.ActiveCfg = Release|Any CPU
		{FE3F6E31-BBD5-41F1-8188-E8951ED130C4}.Release|Any CPU.Build.0 = Release|Any CPU
		{FE3F6E31-BBD5-41F1-8188-E8951ED130C4}.Release|ARM.ActiveCfg = Release|Any CPU
		{FE3F6E31-BBD5-41F1-8188-E8951ED130C4}.Release|ARM.Build.0 = Release|Any CPU
		{FE3F6E31-BBD5-41F1-8188-E8951ED130C4}.Release|x64.ActiveCfg = Release|Any CPU
		{FE3F6E31-BBD5-41F1-8188-E8951ED130C4}.Release|x64.Build.0 = Release|Any CPU
		{FE3F6E31-BBD5-41F1-8188-E8951ED130C4}.Release|x86.ActiveCfg = Release|Any CPU
		{FE3F6E31-BBD5-41F1-8188-E8951ED130C4}.Release|x86.Build.0 = Release|Any CPU
		{F6120BD5-A130-4662-91F0-9CA62931E875}.Debug|Any CPU.ActiveCfg = Debug|Any CPU
		{F6120BD5-A130-4662-91F0-9CA62931E875}.Debug|Any CPU.Build.0 = Debug|Any CPU
		{F6120BD5-A130-4662-91F0-9CA62931E875}.Debug|ARM.ActiveCfg = Debug|Any CPU
		{F6120BD5-A130-4662-91F0-9CA62931E875}.Debug|ARM.Build.0 = Debug|Any CPU
		{F6120BD5-A130-4662-91F0-9CA62931E875}.Debug|x64.ActiveCfg = Debug|Any CPU
		{F6120BD5-A130-4662-91F0-9CA62931E875}.Debug|x64.Build.0 = Debug|Any CPU
		{F6120BD5-A130-4662-91F0-9CA62931E875}.Debug|x86.ActiveCfg = Debug|Any CPU
		{F6120BD5-A130-4662-91F0-9CA62931E875}.Debug|x86.Build.0 = Debug|Any CPU
		{F6120BD5-A130-4662-91F0-9CA62931E875}.Release|Any CPU.ActiveCfg = Release|Any CPU
		{F6120BD5-A130-4662-91F0-9CA62931E875}.Release|Any CPU.Build.0 = Release|Any CPU
		{F6120BD5-A130-4662-91F0-9CA62931E875}.Release|ARM.ActiveCfg = Release|Any CPU
		{F6120BD5-A130-4662-91F0-9CA62931E875}.Release|ARM.Build.0 = Release|Any CPU
		{F6120BD5-A130-4662-91F0-9CA62931E875}.Release|x64.ActiveCfg = Release|Any CPU
		{F6120BD5-A130-4662-91F0-9CA62931E875}.Release|x64.Build.0 = Release|Any CPU
		{F6120BD5-A130-4662-91F0-9CA62931E875}.Release|x86.ActiveCfg = Release|Any CPU
		{F6120BD5-A130-4662-91F0-9CA62931E875}.Release|x86.Build.0 = Release|Any CPU
		{C9910F0E-1D9B-4631-95DB-BCA44CFEBC04}.Debug|Any CPU.ActiveCfg = Debug|Any CPU
		{C9910F0E-1D9B-4631-95DB-BCA44CFEBC04}.Debug|Any CPU.Build.0 = Debug|Any CPU
		{C9910F0E-1D9B-4631-95DB-BCA44CFEBC04}.Debug|ARM.ActiveCfg = Debug|Any CPU
		{C9910F0E-1D9B-4631-95DB-BCA44CFEBC04}.Debug|ARM.Build.0 = Debug|Any CPU
		{C9910F0E-1D9B-4631-95DB-BCA44CFEBC04}.Debug|x64.ActiveCfg = Debug|Any CPU
		{C9910F0E-1D9B-4631-95DB-BCA44CFEBC04}.Debug|x64.Build.0 = Debug|Any CPU
		{C9910F0E-1D9B-4631-95DB-BCA44CFEBC04}.Debug|x86.ActiveCfg = Debug|Any CPU
		{C9910F0E-1D9B-4631-95DB-BCA44CFEBC04}.Debug|x86.Build.0 = Debug|Any CPU
		{C9910F0E-1D9B-4631-95DB-BCA44CFEBC04}.Release|Any CPU.ActiveCfg = Release|Any CPU
		{C9910F0E-1D9B-4631-95DB-BCA44CFEBC04}.Release|Any CPU.Build.0 = Release|Any CPU
		{C9910F0E-1D9B-4631-95DB-BCA44CFEBC04}.Release|ARM.ActiveCfg = Release|Any CPU
		{C9910F0E-1D9B-4631-95DB-BCA44CFEBC04}.Release|ARM.Build.0 = Release|Any CPU
		{C9910F0E-1D9B-4631-95DB-BCA44CFEBC04}.Release|x64.ActiveCfg = Release|Any CPU
		{C9910F0E-1D9B-4631-95DB-BCA44CFEBC04}.Release|x64.Build.0 = Release|Any CPU
		{C9910F0E-1D9B-4631-95DB-BCA44CFEBC04}.Release|x86.ActiveCfg = Release|Any CPU
		{C9910F0E-1D9B-4631-95DB-BCA44CFEBC04}.Release|x86.Build.0 = Release|Any CPU
		{D3450A91-E83A-4222-AA13-D9956FF4B807}.Debug|Any CPU.ActiveCfg = Debug|Any CPU
		{D3450A91-E83A-4222-AA13-D9956FF4B807}.Debug|Any CPU.Build.0 = Debug|Any CPU
		{D3450A91-E83A-4222-AA13-D9956FF4B807}.Debug|ARM.ActiveCfg = Debug|Any CPU
		{D3450A91-E83A-4222-AA13-D9956FF4B807}.Debug|ARM.Build.0 = Debug|Any CPU
		{D3450A91-E83A-4222-AA13-D9956FF4B807}.Debug|x64.ActiveCfg = Debug|Any CPU
		{D3450A91-E83A-4222-AA13-D9956FF4B807}.Debug|x64.Build.0 = Debug|Any CPU
		{D3450A91-E83A-4222-AA13-D9956FF4B807}.Debug|x86.ActiveCfg = Debug|Any CPU
		{D3450A91-E83A-4222-AA13-D9956FF4B807}.Debug|x86.Build.0 = Debug|Any CPU
		{D3450A91-E83A-4222-AA13-D9956FF4B807}.Release|Any CPU.ActiveCfg = Release|Any CPU
		{D3450A91-E83A-4222-AA13-D9956FF4B807}.Release|Any CPU.Build.0 = Release|Any CPU
		{D3450A91-E83A-4222-AA13-D9956FF4B807}.Release|ARM.ActiveCfg = Release|Any CPU
		{D3450A91-E83A-4222-AA13-D9956FF4B807}.Release|ARM.Build.0 = Release|Any CPU
		{D3450A91-E83A-4222-AA13-D9956FF4B807}.Release|x64.ActiveCfg = Release|Any CPU
		{D3450A91-E83A-4222-AA13-D9956FF4B807}.Release|x64.Build.0 = Release|Any CPU
		{D3450A91-E83A-4222-AA13-D9956FF4B807}.Release|x86.ActiveCfg = Release|Any CPU
		{D3450A91-E83A-4222-AA13-D9956FF4B807}.Release|x86.Build.0 = Release|Any CPU
		{9A8F918F-3C5D-4551-BC8F-137C55009BD8}.Debug|Any CPU.ActiveCfg = Debug|Any CPU
		{9A8F918F-3C5D-4551-BC8F-137C55009BD8}.Debug|Any CPU.Build.0 = Debug|Any CPU
		{9A8F918F-3C5D-4551-BC8F-137C55009BD8}.Debug|Any CPU.Deploy.0 = Debug|Any CPU
		{9A8F918F-3C5D-4551-BC8F-137C55009BD8}.Debug|ARM.ActiveCfg = Debug|Any CPU
		{9A8F918F-3C5D-4551-BC8F-137C55009BD8}.Debug|ARM.Build.0 = Debug|Any CPU
		{9A8F918F-3C5D-4551-BC8F-137C55009BD8}.Debug|ARM.Deploy.0 = Debug|Any CPU
		{9A8F918F-3C5D-4551-BC8F-137C55009BD8}.Debug|x64.ActiveCfg = Debug|Any CPU
		{9A8F918F-3C5D-4551-BC8F-137C55009BD8}.Debug|x64.Build.0 = Debug|Any CPU
		{9A8F918F-3C5D-4551-BC8F-137C55009BD8}.Debug|x64.Deploy.0 = Debug|Any CPU
		{9A8F918F-3C5D-4551-BC8F-137C55009BD8}.Debug|x86.ActiveCfg = Debug|Any CPU
		{9A8F918F-3C5D-4551-BC8F-137C55009BD8}.Debug|x86.Build.0 = Debug|Any CPU
		{9A8F918F-3C5D-4551-BC8F-137C55009BD8}.Debug|x86.Deploy.0 = Debug|Any CPU
		{9A8F918F-3C5D-4551-BC8F-137C55009BD8}.Release|Any CPU.ActiveCfg = Release|Any CPU
		{9A8F918F-3C5D-4551-BC8F-137C55009BD8}.Release|Any CPU.Build.0 = Release|Any CPU
		{9A8F918F-3C5D-4551-BC8F-137C55009BD8}.Release|Any CPU.Deploy.0 = Release|Any CPU
		{9A8F918F-3C5D-4551-BC8F-137C55009BD8}.Release|ARM.ActiveCfg = Release|Any CPU
		{9A8F918F-3C5D-4551-BC8F-137C55009BD8}.Release|ARM.Build.0 = Release|Any CPU
		{9A8F918F-3C5D-4551-BC8F-137C55009BD8}.Release|ARM.Deploy.0 = Release|Any CPU
		{9A8F918F-3C5D-4551-BC8F-137C55009BD8}.Release|x64.ActiveCfg = Release|Any CPU
		{9A8F918F-3C5D-4551-BC8F-137C55009BD8}.Release|x64.Build.0 = Release|Any CPU
		{9A8F918F-3C5D-4551-BC8F-137C55009BD8}.Release|x64.Deploy.0 = Release|Any CPU
		{9A8F918F-3C5D-4551-BC8F-137C55009BD8}.Release|x86.ActiveCfg = Release|Any CPU
		{9A8F918F-3C5D-4551-BC8F-137C55009BD8}.Release|x86.Build.0 = Release|Any CPU
		{9A8F918F-3C5D-4551-BC8F-137C55009BD8}.Release|x86.Deploy.0 = Release|Any CPU
		{CDF7DC60-0B81-44A0-B7BA-8FED3CF2DA9F}.Debug|Any CPU.ActiveCfg = Debug|Any CPU
		{CDF7DC60-0B81-44A0-B7BA-8FED3CF2DA9F}.Debug|Any CPU.Build.0 = Debug|Any CPU
		{CDF7DC60-0B81-44A0-B7BA-8FED3CF2DA9F}.Debug|ARM.ActiveCfg = Debug|Any CPU
		{CDF7DC60-0B81-44A0-B7BA-8FED3CF2DA9F}.Debug|ARM.Build.0 = Debug|Any CPU
		{CDF7DC60-0B81-44A0-B7BA-8FED3CF2DA9F}.Debug|x64.ActiveCfg = Debug|Any CPU
		{CDF7DC60-0B81-44A0-B7BA-8FED3CF2DA9F}.Debug|x64.Build.0 = Debug|Any CPU
		{CDF7DC60-0B81-44A0-B7BA-8FED3CF2DA9F}.Debug|x86.ActiveCfg = Debug|Any CPU
		{CDF7DC60-0B81-44A0-B7BA-8FED3CF2DA9F}.Debug|x86.Build.0 = Debug|Any CPU
		{CDF7DC60-0B81-44A0-B7BA-8FED3CF2DA9F}.Release|Any CPU.ActiveCfg = Release|Any CPU
		{CDF7DC60-0B81-44A0-B7BA-8FED3CF2DA9F}.Release|Any CPU.Build.0 = Release|Any CPU
		{CDF7DC60-0B81-44A0-B7BA-8FED3CF2DA9F}.Release|ARM.ActiveCfg = Release|Any CPU
		{CDF7DC60-0B81-44A0-B7BA-8FED3CF2DA9F}.Release|ARM.Build.0 = Release|Any CPU
		{CDF7DC60-0B81-44A0-B7BA-8FED3CF2DA9F}.Release|x64.ActiveCfg = Release|Any CPU
		{CDF7DC60-0B81-44A0-B7BA-8FED3CF2DA9F}.Release|x64.Build.0 = Release|Any CPU
		{CDF7DC60-0B81-44A0-B7BA-8FED3CF2DA9F}.Release|x86.ActiveCfg = Release|Any CPU
		{CDF7DC60-0B81-44A0-B7BA-8FED3CF2DA9F}.Release|x86.Build.0 = Release|Any CPU
	EndGlobalSection
	GlobalSection(SolutionProperties) = preSolution
		HideSolutionNode = FALSE
	EndGlobalSection
EndGlobal
